
Microsoft Visual Studio Solution File, Format Version 12.00
# Visual Studio Version 16
VisualStudioVersion = 16.0.28822.285
MinimumVisualStudioVersion = 10.0.40219.1
Project("{FAE04EC0-301F-11D3-BF4B-00C04F79EFBC}") = "OFind", "OFind.csproj", "{D4546DE0-2077-4608-BEB6-2613B786A86C}"
EndProject
Global
	GlobalSection(SolutionConfigurationPlatforms) = preSolution
		Debug|Any CPU = Debug|Any CPU
		Release|Any CPU = Release|Any CPU
	EndGlobalSection
	GlobalSection(ProjectConfigurationPlatforms) = postSolution
		{D4546DE0-2077-4608-BEB6-2613B786A86C}.Debug|Any CPU.ActiveCfg = Debug|Any CPU
		{D4546DE0-2077-4608-BEB6-2613B786A86C}.Debug|Any CPU.Build.0 = Debug|Any CPU
		{D4546DE0-2077-4608-BEB6-2613B786A86C}.Release|Any CPU.ActiveCfg = Release|Any CPU
		{D4546DE0-2077-4608-BEB6-2613B786A86C}.Release|Any CPU.Build.0 = Release|Any CPU
	EndGlobalSection
	GlobalSection(SolutionProperties) = preSolution
		HideSolutionNode = FALSE
	EndGlobalSection
	GlobalSection(ExtensibilityGlobals) = postSolution
		SolutionGuid = {50F162B8-7118-4885-A255-36FE100F49E3}
	EndGlobalSection
EndGlobal
